
Microsoft Visual Studio Solution File, Format Version 12.00
# Visual Studio Version 17
VisualStudioVersion = 17.11.35312.102
MinimumVisualStudioVersion = 10.0.40219.1
Project("{FAE04EC0-301F-11D3-BF4B-00C04F79EFBC}") = "BuscaPrecoServer", "BuscaPrecoServer.csproj", "{9622BF52-363A-4EDC-8807-5CA68715D8AE}"
EndProject
Global
	GlobalSection(SolutionConfigurationPlatforms) = preSolution
		Debug|Any CPU = Debug|Any CPU
		Release|Any CPU = Release|Any CPU
	EndGlobalSection
	GlobalSection(ProjectConfigurationPlatforms) = postSolution
		{9622BF52-363A-4EDC-8807-5CA68715D8AE}.Debug|Any CPU.ActiveCfg = Debug|Any CPU
		{9622BF52-363A-4EDC-8807-5CA68715D8AE}.Debug|Any CPU.Build.0 = Debug|Any CPU
		{9622BF52-363A-4EDC-8807-5CA68715D8AE}.Release|Any CPU.ActiveCfg = Release|Any CPU
		{9622BF52-363A-4EDC-8807-5CA68715D8AE}.Release|Any CPU.Build.0 = Release|Any CPU
	EndGlobalSection
	GlobalSection(SolutionProperties) = preSolution
		HideSolutionNode = FALSE
	EndGlobalSection
	GlobalSection(ExtensibilityGlobals) = postSolution
		SolutionGuid = {39D24C92-BA94-4328-9802-DE76982D6ADA}
	EndGlobalSection
EndGlobal
